
Microsoft Visual Studio Solution File, Format Version 12.00
# Visual Studio 2013
VisualStudioVersion = 12.0.21005.1
MinimumVisualStudioVersion = 10.0.40219.1
Project("{FAE04EC0-301F-11D3-BF4B-00C04F79EFBC}") = "tamplet-using-MP", "tamplet-using-MP\tamplet-using-MP.csproj", "{F54A5618-5B59-4134-9F2E-4981C5899CC6}"
EndProject
Global
	GlobalSection(SolutionConfigurationPlatforms) = preSolution
		Debug|Any CPU = Debug|Any CPU
		Release|Any CPU = Release|Any CPU
	EndGlobalSection
	GlobalSection(ProjectConfigurationPlatforms) = postSolution
		{F54A5618-5B59-4134-9F2E-4981C5899CC6}.Debug|Any CPU.ActiveCfg = Debug|Any CPU
		{F54A5618-5B59-4134-9F2E-4981C5899CC6}.Debug|Any CPU.Build.0 = Debug|Any CPU
		{F54A5618-5B59-4134-9F2E-4981C5899CC6}.Release|Any CPU.ActiveCfg = Release|Any CPU
		{F54A5618-5B59-4134-9F2E-4981C5899CC6}.Release|Any CPU.Build.0 = Release|Any CPU
	EndGlobalSection
	GlobalSection(SolutionProperties) = preSolution
		HideSolutionNode = FALSE
	EndGlobalSection
EndGlobal
